
Microsoft Visual Studio Solution File, Format Version 12.00
# Visual Studio Version 17
VisualStudioVersion = 17.4.33110.190
MinimumVisualStudioVersion = 10.0.40219.1
Project("{FAE04EC0-301F-11D3-BF4B-00C04F79EFBC}") = "WebApi", "src\WebApi\WebApi.csproj", "{AAC7B282-696B-4CD4-92B3-5EE6CD3E2242}"
EndProject
Global
	GlobalSection(SolutionConfigurationPlatforms) = preSolution
		Debug|Any CPU = Debug|Any CPU
		Release|Any CPU = Release|Any CPU
	EndGlobalSection
	GlobalSection(ProjectConfigurationPlatforms) = postSolution
		{AAC7B282-696B-4CD4-92B3-5EE6CD3E2242}.Debug|Any CPU.ActiveCfg = Debug|Any CPU
		{AAC7B282-696B-4CD4-92B3-5EE6CD3E2242}.Debug|Any CPU.Build.0 = Debug|Any CPU
		{AAC7B282-696B-4CD4-92B3-5EE6CD3E2242}.Release|Any CPU.ActiveCfg = Release|Any CPU
		{AAC7B282-696B-4CD4-92B3-5EE6CD3E2242}.Release|Any CPU.Build.0 = Release|Any CPU
	EndGlobalSection
	GlobalSection(SolutionProperties) = preSolution
		HideSolutionNode = FALSE
	EndGlobalSection
	GlobalSection(ExtensibilityGlobals) = postSolution
		SolutionGuid = {81922AF0-A933-4498-B84F-3206CC5B7170}
	EndGlobalSection
EndGlobal
